// !$*UTF8*$!
{
	archiveVersion = 1;
	classes = {
	};
	objectVersion = 46;
	objects = {

/* Begin PBXBuildFile section */
		006D720419952D00008149E2 /* AVFoundation.framework in Frameworks */ = {isa = PBXBuildFile; fileRef = 006D720219952D00008149E2 /* AVFoundation.framework */; };
		006D720519952D00008149E2 /* CoreMedia.framework in Frameworks */ = {isa = PBXBuildFile; fileRef = 006D720319952D00008149E2 /* CoreMedia.framework */; };
		0091D8F90E81B9330029341E /* OpenGL.framework in Frameworks */ = {isa = PBXBuildFile; fileRef = 0091D8F80E81B9330029341E /* OpenGL.framework */; };
		00B784B30FF439BC000DE1D7 /* Accelerate.framework in Frameworks */ = {isa = PBXBuildFile; fileRef = 00B784AF0FF439BC000DE1D7 /* Accelerate.framework */; };
		00B784B40FF439BC000DE1D7 /* AudioToolbox.framework in Frameworks */ = {isa = PBXBuildFile; fileRef = 00B784B00FF439BC000DE1D7 /* AudioToolbox.framework */; };
		00B784B50FF439BC000DE1D7 /* AudioUnit.framework in Frameworks */ = {isa = PBXBuildFile; fileRef = 00B784B10FF439BC000DE1D7 /* AudioUnit.framework */; };
		00B784B60FF439BC000DE1D7 /* CoreAudio.framework in Frameworks */ = {isa = PBXBuildFile; fileRef = 00B784B20FF439BC000DE1D7 /* CoreAudio.framework */; };
		00B9955A1B128DF400A5C623 /* IOKit.framework in Frameworks */ = {isa = PBXBuildFile; fileRef = 00B995581B128DF400A5C623 /* IOKit.framework */; };
		00B9955B1B128DF400A5C623 /* IOSurface.framework in Frameworks */ = {isa = PBXBuildFile; fileRef = 00B995591B128DF400A5C623 /* IOSurface.framework */; };
		1EFF26F65C324CFC9C23E08E /* poNodeContainer.cpp in Sources */ = {isa = PBXBuildFile; fileRef = 34AEF103A2904706B3C27C4A /* poNodeContainer.cpp */; };
		3C5B2F8A20BB4838B7D9BF23 /* poImage.cpp in Sources */ = {isa = PBXBuildFile; fileRef = 3B888AF0A178487995CE87B5 /* poImage.cpp */; };
		4E4FCD3269BA4C2DB39114F7 /* poEventCenter.cpp in Sources */ = {isa = PBXBuildFile; fileRef = 583E5C2F1FC945758E1A26FF /* poEventCenter.cpp */; };
		50911F2C1E95B172007FE8B9 /* Button.cpp in Sources */ = {isa = PBXBuildFile; fileRef = 50911F2A1E95B172007FE8B9 /* Button.cpp */; };
		5323E6B20EAFCA74003A9687 /* CoreVideo.framework in Frameworks */ = {isa = PBXBuildFile; fileRef = 5323E6B10EAFCA74003A9687 /* CoreVideo.framework */; };
		740426A32ED0432CA8C15F89 /* poTextBox.cpp in Sources */ = {isa = PBXBuildFile; fileRef = 384A2BF7B48D4949A4FC2B07 /* poTextBox.cpp */; };
		8D11072F0486CEB800E47090 /* Cocoa.framework in Frameworks */ = {isa = PBXBuildFile; fileRef = 1058C7A1FEA54F0111CA2CBB /* Cocoa.framework */; };
		93B0E778FC4B45F9957BF055 /* poScene.cpp in Sources */ = {isa = PBXBuildFile; fileRef = 4F90BCAA4EC44756A31F4D16 /* poScene.cpp */; };
		A96C5426906D4E1BA57FB972 /* CinderApp.icns in Resources */ = {isa = PBXBuildFile; fileRef = 5D08D459CE1C4BADB581920B /* CinderApp.icns */; };
		AA5DC541191742AEBF4326E8 /* poShape.cpp in Sources */ = {isa = PBXBuildFile; fileRef = B6A634FDFF524AB2A6887D00 /* poShape.cpp */; };
		ACB07398C3F845D1AB680DDF /* poEvents.cpp in Sources */ = {isa = PBXBuildFile; fileRef = 0D61A4DE50174B97A70C1349 /* poEvents.cpp */; };
		CBE4976CE98D40338895D37E /* poScen_UIApp.cpp in Sources */ = {isa = PBXBuildFile; fileRef = 8C9286D8B0F74F0D8002C1A6 /* poScen_UIApp.cpp */; };
		DE0B594D462D473DAB358C19 /* poNode.cpp in Sources */ = {isa = PBXBuildFile; fileRef = 356DA3FC50244EC68F085F02 /* poNode.cpp */; };
		F58C6831E76A4761A366BAC5 /* poMatrixSet.cpp in Sources */ = {isa = PBXBuildFile; fileRef = 72AAEA2CCD594773B42471F0 /* poMatrixSet.cpp */; };
/* End PBXBuildFile section */

/* Begin PBXFileReference section */
		006D720219952D00008149E2 /* AVFoundation.framework */ = {isa = PBXFileReference; lastKnownFileType = wrapper.framework; name = AVFoundation.framework; path = System/Library/Frameworks/AVFoundation.framework; sourceTree = SDKROOT; };
		006D720319952D00008149E2 /* CoreMedia.framework */ = {isa = PBXFileReference; lastKnownFileType = wrapper.framework; name = CoreMedia.framework; path = System/Library/Frameworks/CoreMedia.framework; sourceTree = SDKROOT; };
		0091D8F80E81B9330029341E /* OpenGL.framework */ = {isa = PBXFileReference; lastKnownFileType = wrapper.framework; name = OpenGL.framework; path = /System/Library/Frameworks/OpenGL.framework; sourceTree = "<absolute>"; };
		00B784AF0FF439BC000DE1D7 /* Accelerate.framework */ = {isa = PBXFileReference; lastKnownFileType = wrapper.framework; name = Accelerate.framework; path = System/Library/Frameworks/Accelerate.framework; sourceTree = SDKROOT; };
		00B784B00FF439BC000DE1D7 /* AudioToolbox.framework */ = {isa = PBXFileReference; lastKnownFileType = wrapper.framework; name = AudioToolbox.framework; path = System/Library/Frameworks/AudioToolbox.framework; sourceTree = SDKROOT; };
		00B784B10FF439BC000DE1D7 /* AudioUnit.framework */ = {isa = PBXFileReference; lastKnownFileType = wrapper.framework; name = AudioUnit.framework; path = System/Library/Frameworks/AudioUnit.framework; sourceTree = SDKROOT; };
		00B784B20FF439BC000DE1D7 /* CoreAudio.framework */ = {isa = PBXFileReference; lastKnownFileType = wrapper.framework; name = CoreAudio.framework; path = System/Library/Frameworks/CoreAudio.framework; sourceTree = SDKROOT; };
		00B995581B128DF400A5C623 /* IOKit.framework */ = {isa = PBXFileReference; lastKnownFileType = wrapper.framework; name = IOKit.framework; path = System/Library/Frameworks/IOKit.framework; sourceTree = SDKROOT; };
		00B995591B128DF400A5C623 /* IOSurface.framework */ = {isa = PBXFileReference; lastKnownFileType = wrapper.framework; name = IOSurface.framework; path = System/Library/Frameworks/IOSurface.framework; sourceTree = SDKROOT; };
		04E0B7C5807D4C3C87584B6A /* poScen_UI_Prefix.pch */ = {isa = PBXFileReference; lastKnownFileType = "\"\""; path = poScen_UI_Prefix.pch; sourceTree = "<group>"; };
		090C7B98E34546A68FCA8BD8 /* poShape.h */ = {isa = PBXFileReference; lastKnownFileType = sourcecode.c.h; name = poShape.h; path = ../blocks/poScene/src/poScene/poShape.h; sourceTree = "<group>"; };
		0D61A4DE50174B97A70C1349 /* poEvents.cpp */ = {isa = PBXFileReference; lastKnownFileType = sourcecode.c.cpp; name = poEvents.cpp; path = ../blocks/poScene/src/poScene/poEvents.cpp; sourceTree = "<group>"; };
		1058C7A1FEA54F0111CA2CBB /* Cocoa.framework */ = {isa = PBXFileReference; lastKnownFileType = wrapper.framework; name = Cocoa.framework; path = /System/Library/Frameworks/Cocoa.framework; sourceTree = "<absolute>"; };
		29B97324FDCFA39411CA2CEA /* AppKit.framework */ = {isa = PBXFileReference; lastKnownFileType = wrapper.framework; name = AppKit.framework; path = /System/Library/Frameworks/AppKit.framework; sourceTree = "<absolute>"; };
		29B97325FDCFA39411CA2CEA /* Foundation.framework */ = {isa = PBXFileReference; lastKnownFileType = wrapper.framework; name = Foundation.framework; path = /System/Library/Frameworks/Foundation.framework; sourceTree = "<absolute>"; };
		34AEF103A2904706B3C27C4A /* poNodeContainer.cpp */ = {isa = PBXFileReference; lastKnownFileType = sourcecode.c.cpp; name = poNodeContainer.cpp; path = ../blocks/poScene/src/poScene/poNodeContainer.cpp; sourceTree = "<group>"; };
		356DA3FC50244EC68F085F02 /* poNode.cpp */ = {isa = PBXFileReference; lastKnownFileType = sourcecode.c.cpp; name = poNode.cpp; path = ../blocks/poScene/src/poScene/poNode.cpp; sourceTree = "<group>"; };
		35B9655FBEE94CC7BB2027C6 /* Resources.h */ = {isa = PBXFileReference; lastKnownFileType = sourcecode.c.h; name = Resources.h; path = ../include/Resources.h; sourceTree = "<group>"; };
		384A2BF7B48D4949A4FC2B07 /* poTextBox.cpp */ = {isa = PBXFileReference; lastKnownFileType = sourcecode.c.cpp; name = poTextBox.cpp; path = ../blocks/poScene/src/poScene/poTextBox.cpp; sourceTree = "<group>"; };
		3B888AF0A178487995CE87B5 /* poImage.cpp */ = {isa = PBXFileReference; lastKnownFileType = sourcecode.c.cpp; name = poImage.cpp; path = ../blocks/poScene/src/poScene/poImage.cpp; sourceTree = "<group>"; };
		4F90BCAA4EC44756A31F4D16 /* poScene.cpp */ = {isa = PBXFileReference; lastKnownFileType = sourcecode.c.cpp; name = poScene.cpp; path = ../blocks/poScene/src/poScene/poScene.cpp; sourceTree = "<group>"; };
		50911F2A1E95B172007FE8B9 /* Button.cpp */ = {isa = PBXFileReference; fileEncoding = 4; lastKnownFileType = sourcecode.cpp.cpp; name = Button.cpp; path = ../src/Button.cpp; sourceTree = "<group>"; };
		50911F2B1E95B172007FE8B9 /* Button.hpp */ = {isa = PBXFileReference; fileEncoding = 4; lastKnownFileType = sourcecode.cpp.h; name = Button.hpp; path = ../src/Button.hpp; sourceTree = "<group>"; };
		5323E6B10EAFCA74003A9687 /* CoreVideo.framework */ = {isa = PBXFileReference; lastKnownFileType = wrapper.framework; name = CoreVideo.framework; path = /System/Library/Frameworks/CoreVideo.framework; sourceTree = "<absolute>"; };
		583E5C2F1FC945758E1A26FF /* poEventCenter.cpp */ = {isa = PBXFileReference; lastKnownFileType = sourcecode.c.cpp; name = poEventCenter.cpp; path = ../blocks/poScene/src/poScene/poEventCenter.cpp; sourceTree = "<group>"; };
		5D08D459CE1C4BADB581920B /* CinderApp.icns */ = {isa = PBXFileReference; lastKnownFileType = image.icns; name = CinderApp.icns; path = ../resources/CinderApp.icns; sourceTree = "<group>"; };
		7160F3EF718449129FBA3E01 /* poTextBox.h */ = {isa = PBXFileReference; lastKnownFileType = sourcecode.c.h; name = poTextBox.h; path = ../blocks/poScene/src/poScene/poTextBox.h; sourceTree = "<group>"; };
		72AAEA2CCD594773B42471F0 /* poMatrixSet.cpp */ = {isa = PBXFileReference; lastKnownFileType = sourcecode.c.cpp; name = poMatrixSet.cpp; path = ../blocks/poScene/src/poScene/poMatrixSet.cpp; sourceTree = "<group>"; };
		740AC070F174447AA0FCBB22 /* poNodeContainer.h */ = {isa = PBXFileReference; lastKnownFileType = sourcecode.c.h; name = poNodeContainer.h; path = ../blocks/poScene/src/poScene/poNodeContainer.h; sourceTree = "<group>"; };
		88A9A1E898114066AD8E438C /* poNode.h */ = {isa = PBXFileReference; lastKnownFileType = sourcecode.c.h; name = poNode.h; path = ../blocks/poScene/src/poScene/poNode.h; sourceTree = "<group>"; };
		8C9286D8B0F74F0D8002C1A6 /* poScen_UIApp.cpp */ = {isa = PBXFileReference; lastKnownFileType = sourcecode.c.cpp; name = poScen_UIApp.cpp; path = ../src/poScen_UIApp.cpp; sourceTree = "<group>"; };
		8D1107320486CEB800E47090 /* poScen_UI.app */ = {isa = PBXFileReference; explicitFileType = wrapper.application; includeInIndex = 0; path = poScen_UI.app; sourceTree = BUILT_PRODUCTS_DIR; };
		94985FA277F2481598BEA432 /* poVideo.h */ = {isa = PBXFileReference; lastKnownFileType = sourcecode.c.h; name = poVideo.h; path = ../blocks/poScene/src/poScene/poVideo.h; sourceTree = "<group>"; };
		B4A8C51D28E2491EA5364894 /* poEventCenter.h */ = {isa = PBXFileReference; lastKnownFileType = sourcecode.c.h; name = poEventCenter.h; path = ../blocks/poScene/src/poScene/poEventCenter.h; sourceTree = "<group>"; };
		B6A634FDFF524AB2A6887D00 /* poShape.cpp */ = {isa = PBXFileReference; lastKnownFileType = sourcecode.c.cpp; name = poShape.cpp; path = ../blocks/poScene/src/poScene/poShape.cpp; sourceTree = "<group>"; };
		B713ADE5E52547C1A6CB1F17 /* poEvents.h */ = {isa = PBXFileReference; lastKnownFileType = sourcecode.c.h; name = poEvents.h; path = ../blocks/poScene/src/poScene/poEvents.h; sourceTree = "<group>"; };
		BA3ABFE22A834AF7944F6161 /* poTextureFit.h */ = {isa = PBXFileReference; lastKnownFileType = sourcecode.c.h; name = poTextureFit.h; path = ../blocks/poScene/src/poScene/poTextureFit.h; sourceTree = "<group>"; };
		C551F8680886448794B8A326 /* poScene.h */ = {isa = PBXFileReference; lastKnownFileType = sourcecode.c.h; name = poScene.h; path = ../blocks/poScene/src/poScene/poScene.h; sourceTree = "<group>"; };
		D6EB862805B544AA936FA537 /* poMatrixSet.h */ = {isa = PBXFileReference; lastKnownFileType = sourcecode.c.h; name = poMatrixSet.h; path = ../blocks/poScene/src/poScene/poMatrixSet.h; sourceTree = "<group>"; };
		E0453D7ABB2C402283DC1DD2 /* poImage.h */ = {isa = PBXFileReference; lastKnownFileType = sourcecode.c.h; name = poImage.h; path = ../blocks/poScene/src/poScene/poImage.h; sourceTree = "<group>"; };
		FFF63DDF2CC0485EBA139BEA /* Info.plist */ = {isa = PBXFileReference; lastKnownFileType = text.plist.xml; path = Info.plist; sourceTree = "<group>"; };
/* End PBXFileReference section */

/* Begin PBXFrameworksBuildPhase section */
		8D11072E0486CEB800E47090 /* Frameworks */ = {
			isa = PBXFrameworksBuildPhase;
			buildActionMask = 2147483647;
			files = (
				006D720419952D00008149E2 /* AVFoundation.framework in Frameworks */,
				006D720519952D00008149E2 /* CoreMedia.framework in Frameworks */,
				8D11072F0486CEB800E47090 /* Cocoa.framework in Frameworks */,
				0091D8F90E81B9330029341E /* OpenGL.framework in Frameworks */,
				5323E6B20EAFCA74003A9687 /* CoreVideo.framework in Frameworks */,
				00B784B30FF439BC000DE1D7 /* Accelerate.framework in Frameworks */,
				00B784B40FF439BC000DE1D7 /* AudioToolbox.framework in Frameworks */,
				00B784B50FF439BC000DE1D7 /* AudioUnit.framework in Frameworks */,
				00B784B60FF439BC000DE1D7 /* CoreAudio.framework in Frameworks */,
				00B9955A1B128DF400A5C623 /* IOKit.framework in Frameworks */,
				00B9955B1B128DF400A5C623 /* IOSurface.framework in Frameworks */,
			);
			runOnlyForDeploymentPostprocessing = 0;
		};
/* End PBXFrameworksBuildPhase section */

/* Begin PBXGroup section */
		01B97315FEAEA392516A2CEA /* Blocks */ = {
			isa = PBXGroup;
			children = (
				EADA05F4A68543528E213A22 /* poScene */,
			);
			name = Blocks;
			sourceTree = "<group>";
		};
		080E96DDFE201D6D7F000001 /* Source */ = {
			isa = PBXGroup;
			children = (
				8C9286D8B0F74F0D8002C1A6 /* poScen_UIApp.cpp */,
				50911F2A1E95B172007FE8B9 /* Button.cpp */,
				50911F2B1E95B172007FE8B9 /* Button.hpp */,
			);
			name = Source;
			sourceTree = "<group>";
		};
		1058C7A0FEA54F0111CA2CBB /* Linked Frameworks */ = {
			isa = PBXGroup;
			children = (
				006D720219952D00008149E2 /* AVFoundation.framework */,
				006D720319952D00008149E2 /* CoreMedia.framework */,
				00B784AF0FF439BC000DE1D7 /* Accelerate.framework */,
				00B784B00FF439BC000DE1D7 /* AudioToolbox.framework */,
				00B784B10FF439BC000DE1D7 /* AudioUnit.framework */,
				00B784B20FF439BC000DE1D7 /* CoreAudio.framework */,
				5323E6B10EAFCA74003A9687 /* CoreVideo.framework */,
				0091D8F80E81B9330029341E /* OpenGL.framework */,
				1058C7A1FEA54F0111CA2CBB /* Cocoa.framework */,
				00B995581B128DF400A5C623 /* IOKit.framework */,
				00B995591B128DF400A5C623 /* IOSurface.framework */,
			);
			name = "Linked Frameworks";
			sourceTree = "<group>";
		};
		1058C7A2FEA54F0111CA2CBB /* Other Frameworks */ = {
			isa = PBXGroup;
			children = (
				29B97324FDCFA39411CA2CEA /* AppKit.framework */,
				29B97325FDCFA39411CA2CEA /* Foundation.framework */,
			);
			name = "Other Frameworks";
			sourceTree = "<group>";
		};
		19C28FACFE9D520D11CA2CBB /* Products */ = {
			isa = PBXGroup;
			children = (
				8D1107320486CEB800E47090 /* poScen_UI.app */,
			);
			name = Products;
			sourceTree = "<group>";
		};
		29B97314FDCFA39411CA2CEA /* poScen_UI */ = {
			isa = PBXGroup;
			children = (
				01B97315FEAEA392516A2CEA /* Blocks */,
				29B97315FDCFA39411CA2CEA /* Headers */,
				080E96DDFE201D6D7F000001 /* Source */,
				29B97317FDCFA39411CA2CEA /* Resources */,
				29B97323FDCFA39411CA2CEA /* Frameworks */,
				19C28FACFE9D520D11CA2CBB /* Products */,
			);
			name = poScen_UI;
			sourceTree = "<group>";
		};
		29B97315FDCFA39411CA2CEA /* Headers */ = {
			isa = PBXGroup;
			children = (
				35B9655FBEE94CC7BB2027C6 /* Resources.h */,
				04E0B7C5807D4C3C87584B6A /* poScen_UI_Prefix.pch */,
			);
			name = Headers;
			sourceTree = "<group>";
		};
		29B97317FDCFA39411CA2CEA /* Resources */ = {
			isa = PBXGroup;
			children = (
				5D08D459CE1C4BADB581920B /* CinderApp.icns */,
				FFF63DDF2CC0485EBA139BEA /* Info.plist */,
			);
			name = Resources;
			sourceTree = "<group>";
		};
		29B97323FDCFA39411CA2CEA /* Frameworks */ = {
			isa = PBXGroup;
			children = (
				1058C7A0FEA54F0111CA2CBB /* Linked Frameworks */,
				1058C7A2FEA54F0111CA2CBB /* Other Frameworks */,
			);
			name = Frameworks;
			sourceTree = "<group>";
		};
		70C727948D6B4CBF98EB1543 /* poScene */ = {
			isa = PBXGroup;
			children = (
				B4A8C51D28E2491EA5364894 /* poEventCenter.h */,
				B713ADE5E52547C1A6CB1F17 /* poEvents.h */,
				E0453D7ABB2C402283DC1DD2 /* poImage.h */,
				D6EB862805B544AA936FA537 /* poMatrixSet.h */,
				88A9A1E898114066AD8E438C /* poNode.h */,
				740AC070F174447AA0FCBB22 /* poNodeContainer.h */,
				C551F8680886448794B8A326 /* poScene.h */,
				090C7B98E34546A68FCA8BD8 /* poShape.h */,
				7160F3EF718449129FBA3E01 /* poTextBox.h */,
				BA3ABFE22A834AF7944F6161 /* poTextureFit.h */,
				94985FA277F2481598BEA432 /* poVideo.h */,
				583E5C2F1FC945758E1A26FF /* poEventCenter.cpp */,
				0D61A4DE50174B97A70C1349 /* poEvents.cpp */,
				3B888AF0A178487995CE87B5 /* poImage.cpp */,
				72AAEA2CCD594773B42471F0 /* poMatrixSet.cpp */,
				356DA3FC50244EC68F085F02 /* poNode.cpp */,
				34AEF103A2904706B3C27C4A /* poNodeContainer.cpp */,
				4F90BCAA4EC44756A31F4D16 /* poScene.cpp */,
				B6A634FDFF524AB2A6887D00 /* poShape.cpp */,
				384A2BF7B48D4949A4FC2B07 /* poTextBox.cpp */,
			);
			name = poScene;
			sourceTree = "<group>";
		};
		AD604E3878814A589D81B60D /* src */ = {
			isa = PBXGroup;
			children = (
				70C727948D6B4CBF98EB1543 /* poScene */,
			);
			name = src;
			sourceTree = "<group>";
		};
		EADA05F4A68543528E213A22 /* poScene */ = {
			isa = PBXGroup;
			children = (
				AD604E3878814A589D81B60D /* src */,
			);
			name = poScene;
			sourceTree = "<group>";
		};
/* End PBXGroup section */

/* Begin PBXNativeTarget section */
		8D1107260486CEB800E47090 /* poScen_UI */ = {
			isa = PBXNativeTarget;
			buildConfigurationList = C01FCF4A08A954540054247B /* Build configuration list for PBXNativeTarget "poScen_UI" */;
			buildPhases = (
				8D1107290486CEB800E47090 /* Resources */,
				8D11072C0486CEB800E47090 /* Sources */,
				8D11072E0486CEB800E47090 /* Frameworks */,
			);
			buildRules = (
			);
			dependencies = (
			);
			name = poScen_UI;
			productInstallPath = "$(HOME)/Applications";
			productName = poScen_UI;
			productReference = 8D1107320486CEB800E47090 /* poScen_UI.app */;
			productType = "com.apple.product-type.application";
		};
/* End PBXNativeTarget section */

/* Begin PBXProject section */
		29B97313FDCFA39411CA2CEA /* Project object */ = {
			isa = PBXProject;
			attributes = {
			};
			buildConfigurationList = C01FCF4E08A954540054247B /* Build configuration list for PBXProject "poScen_UI" */;
			compatibilityVersion = "Xcode 3.2";
			developmentRegion = English;
			hasScannedForEncodings = 1;
			knownRegions = (
				English,
				Japanese,
				French,
				German,
			);
			mainGroup = 29B97314FDCFA39411CA2CEA /* poScen_UI */;
			projectDirPath = "";
			projectRoot = "";
			targets = (
				8D1107260486CEB800E47090 /* poScen_UI */,
			);
		};
/* End PBXProject section */

/* Begin PBXResourcesBuildPhase section */
		8D1107290486CEB800E47090 /* Resources */ = {
			isa = PBXResourcesBuildPhase;
			buildActionMask = 2147483647;
			files = (
				A96C5426906D4E1BA57FB972 /* CinderApp.icns in Resources */,
			);
			runOnlyForDeploymentPostprocessing = 0;
		};
/* End PBXResourcesBuildPhase section */

/* Begin PBXSourcesBuildPhase section */
		8D11072C0486CEB800E47090 /* Sources */ = {
			isa = PBXSourcesBuildPhase;
			buildActionMask = 2147483647;
			files = (
				CBE4976CE98D40338895D37E /* poScen_UIApp.cpp in Sources */,
				4E4FCD3269BA4C2DB39114F7 /* poEventCenter.cpp in Sources */,
				ACB07398C3F845D1AB680DDF /* poEvents.cpp in Sources */,
				3C5B2F8A20BB4838B7D9BF23 /* poImage.cpp in Sources */,
				F58C6831E76A4761A366BAC5 /* poMatrixSet.cpp in Sources */,
				DE0B594D462D473DAB358C19 /* poNode.cpp in Sources */,
				1EFF26F65C324CFC9C23E08E /* poNodeContainer.cpp in Sources */,
				93B0E778FC4B45F9957BF055 /* poScene.cpp in Sources */,
				AA5DC541191742AEBF4326E8 /* poShape.cpp in Sources */,
				50911F2C1E95B172007FE8B9 /* Button.cpp in Sources */,
				740426A32ED0432CA8C15F89 /* poTextBox.cpp in Sources */,
			);
			runOnlyForDeploymentPostprocessing = 0;
		};
/* End PBXSourcesBuildPhase section */

/* Begin XCBuildConfiguration section */
		C01FCF4B08A954540054247B /* Debug */ = {
			isa = XCBuildConfiguration;
			buildSettings = {
				COMBINE_HIDPI_IMAGES = YES;
				COPY_PHASE_STRIP = NO;
				DEAD_CODE_STRIPPING = YES;
				GCC_DYNAMIC_NO_PIC = NO;
				GCC_INLINES_ARE_PRIVATE_EXTERN = YES;
				GCC_OPTIMIZATION_LEVEL = 0;
				GCC_PRECOMPILE_PREFIX_HEADER = YES;
				GCC_PREFIX_HEADER = poScen_UI_Prefix.pch;
				GCC_PREPROCESSOR_DEFINITIONS = (
					"DEBUG=1",
					"$(inherited)",
				);
				GCC_SYMBOLS_PRIVATE_EXTERN = NO;
				INFOPLIST_FILE = Info.plist;
				INSTALL_PATH = "$(HOME)/Applications";
				OTHER_LDFLAGS = "\"$(CINDER_PATH)/lib/libcinder_d.a\"";
				PRODUCT_BUNDLE_IDENTIFIER = "org.libcinder.${PRODUCT_NAME:rfc1034identifier}";
				PRODUCT_NAME = poScen_UI;
				SYMROOT = ./build;
				WRAPPER_EXTENSION = app;
			};
			name = Debug;
		};
		C01FCF4C08A954540054247B /* Release */ = {
			isa = XCBuildConfiguration;
			buildSettings = {
				COMBINE_HIDPI_IMAGES = YES;
				DEAD_CODE_STRIPPING = YES;
				DEBUG_INFORMATION_FORMAT = "dwarf-with-dsym";
				GCC_FAST_MATH = YES;
				GCC_GENERATE_DEBUGGING_SYMBOLS = NO;
				GCC_INLINES_ARE_PRIVATE_EXTERN = YES;
				GCC_OPTIMIZATION_LEVEL = 3;
				GCC_PRECOMPILE_PREFIX_HEADER = YES;
				GCC_PREFIX_HEADER = poScen_UI_Prefix.pch;
				GCC_PREPROCESSOR_DEFINITIONS = (
					"NDEBUG=1",
					"$(inherited)",
				);
				GCC_SYMBOLS_PRIVATE_EXTERN = NO;
				INFOPLIST_FILE = Info.plist;
				INSTALL_PATH = "$(HOME)/Applications";
				OTHER_LDFLAGS = "\"$(CINDER_PATH)/lib/libcinder.a\"";
				PRODUCT_BUNDLE_IDENTIFIER = "org.libcinder.${PRODUCT_NAME:rfc1034identifier}";
				PRODUCT_NAME = poScen_UI;
				STRIP_INSTALLED_PRODUCT = YES;
				SYMROOT = ./build;
				WRAPPER_EXTENSION = app;
			};
			name = Release;
		};
		C01FCF4F08A954540054247B /* Debug */ = {
			isa = XCBuildConfiguration;
			buildSettings = {
				ALWAYS_SEARCH_USER_PATHS = NO;
				CINDER_PATH = ../../../..;
				CLANG_CXX_LANGUAGE_STANDARD = "c++11";
				CLANG_CXX_LIBRARY = "libc++";
				ENABLE_TESTABILITY = YES;
				GCC_WARN_ABOUT_RETURN_TYPE = YES;
				GCC_WARN_UNUSED_VARIABLE = YES;
				HEADER_SEARCH_PATHS = "\"$(CINDER_PATH)/include\"";
				MACOSX_DEPLOYMENT_TARGET = 10.8;
				ONLY_ACTIVE_ARCH = YES;
				SDKROOT = macosx;
				USER_HEADER_SEARCH_PATHS = "\"$(CINDER_PATH)/include\" ../include ../blocks/poScene/src/poScene";
			};
			name = Debug;
		};
		C01FCF5008A954540054247B /* Release */ = {
			isa = XCBuildConfiguration;
			buildSettings = {
				ALWAYS_SEARCH_USER_PATHS = NO;
				CINDER_PATH = ../../../..;
				CLANG_CXX_LANGUAGE_STANDARD = "c++11";
				CLANG_CXX_LIBRARY = "libc++";
				GCC_WARN_ABOUT_RETURN_TYPE = YES;
				GCC_WARN_UNUSED_VARIABLE = YES;
				HEADER_SEARCH_PATHS = "\"$(CINDER_PATH)/include\"";
				MACOSX_DEPLOYMENT_TARGET = 10.8;
				SDKROOT = macosx;
				USER_HEADER_SEARCH_PATHS = "\"$(CINDER_PATH)/include\" ../include ../blocks/poScene/src/poScene";
			};
			name = Release;
		};
/* End XCBuildConfiguration section */

/* Begin XCConfigurationList section */
		C01FCF4A08A954540054247B /* Build configuration list for PBXNativeTarget "poScen_UI" */ = {
			isa = XCConfigurationList;
			buildConfigurations = (
				C01FCF4B08A954540054247B /* Debug */,
				C01FCF4C08A954540054247B /* Release */,
			);
			defaultConfigurationIsVisible = 0;
			defaultConfigurationName = Release;
		};
		C01FCF4E08A954540054247B /* Build configuration list for PBXProject "poScen_UI" */ = {
			isa = XCConfigurationList;
			buildConfigurations = (
				C01FCF4F08A954540054247B /* Debug */,
				C01FCF5008A954540054247B /* Release */,
			);
			defaultConfigurationIsVisible = 0;
			defaultConfigurationName = Release;
		};
/* End XCConfigurationList section */
	};
	rootObject = 29B97313FDCFA39411CA2CEA /* Project object */;
}
