
Microsoft Visual Studio Solution File, Format Version 12.00
# Visual Studio 2013
Project("{8BC9CEB8-8B4A-11D0-8D11-00A0C91BC942}") = "particlesTwo", "particlesTwo.vcxproj", "{B23F70EE-4A5C-48B5-9523-E42C4032D3B8}"
EndProject
Global
	GlobalSection(SolutionConfigurationPlatforms) = preSolution
		Debug|Win32 = Debug|Win32
		Release|Win32 = Release|Win32
	EndGlobalSection
	GlobalSection(ProjectConfigurationPlatforms) = postSolution
		{B23F70EE-4A5C-48B5-9523-E42C4032D3B8}.Debug|Win32.ActiveCfg = Debug|Win32
		{B23F70EE-4A5C-48B5-9523-E42C4032D3B8}.Debug|Win32.Build.0 = Debug|Win32
		{B23F70EE-4A5C-48B5-9523-E42C4032D3B8}.Release|Win32.ActiveCfg = Release|Win32
		{B23F70EE-4A5C-48B5-9523-E42C4032D3B8}.Release|Win32.Build.0 = Release|Win32
	EndGlobalSection
	GlobalSection(SolutionProperties) = preSolution
		HideSolutionNode = FALSE
	EndGlobalSection
EndGlobal
